// !$*UTF8*$!
{
	archiveVersion = 1;
	classes = {
	};
	objectVersion = 55;
	objects = {

/* Begin PBXBuildFile section */
		159434981A5316A8A535FBC0 /* Pods_Football_API.framework in Frameworks */ = {isa = PBXBuildFile; fileRef = 714DFB1FEE1782F1CBBF5530 /* Pods_Football_API.framework */; };
		630752B4282445A0007E2687 /* Football_APITests.swift in Sources */ = {isa = PBXBuildFile; fileRef = 630752B3282445A0007E2687 /* Football_APITests.swift */; };
		630752BB282445EA007E2687 /* VerificationServiceTests.swift in Sources */ = {isa = PBXBuildFile; fileRef = 630752BA282445EA007E2687 /* VerificationServiceTests.swift */; };
		63189888282252CE0098AC3A /* WelcomeViewController.swift in Sources */ = {isa = PBXBuildFile; fileRef = 63189887282252CD0098AC3A /* WelcomeViewController.swift */; };
		631F0290282926DE00979B8B /* ViewControllerExtension.swift in Sources */ = {isa = PBXBuildFile; fileRef = 631F028F282926DE00979B8B /* ViewControllerExtension.swift */; };
		632944D52826768D003B7768 /* Football_APIUITests.swift in Sources */ = {isa = PBXBuildFile; fileRef = 632944D42826768D003B7768 /* Football_APIUITests.swift */; };
		632944D72826768D003B7768 /* Football_APIUITestsLaunchTests.swift in Sources */ = {isa = PBXBuildFile; fileRef = 632944D62826768D003B7768 /* Football_APIUITestsLaunchTests.swift */; };
		632FBEAB2827B831001C1C8F /* SettingsViewController.swift in Sources */ = {isa = PBXBuildFile; fileRef = 632FBEAA2827B831001C1C8F /* SettingsViewController.swift */; };
		632FBEAD2827D981001C1C8F /* ServiceTypes.swift in Sources */ = {isa = PBXBuildFile; fileRef = 632FBEAC2827D981001C1C8F /* ServiceTypes.swift */; };
		634A0A1B281197B5009BEB6D /* AppDelegate.swift in Sources */ = {isa = PBXBuildFile; fileRef = 634A0A1A281197B5009BEB6D /* AppDelegate.swift */; };
		634A0A1D281197B5009BEB6D /* SceneDelegate.swift in Sources */ = {isa = PBXBuildFile; fileRef = 634A0A1C281197B5009BEB6D /* SceneDelegate.swift */; };
		634A0A1F281197B5009BEB6D /* TeamsViewController.swift in Sources */ = {isa = PBXBuildFile; fileRef = 634A0A1E281197B5009BEB6D /* TeamsViewController.swift */; };
		634A0A22281197B5009BEB6D /* Main.storyboard in Resources */ = {isa = PBXBuildFile; fileRef = 634A0A20281197B5009BEB6D /* Main.storyboard */; };
		634A0A24281197BB009BEB6D /* Assets.xcassets in Resources */ = {isa = PBXBuildFile; fileRef = 634A0A23281197BB009BEB6D /* Assets.xcassets */; };
		634A0A27281197BB009BEB6D /* LaunchScreen.storyboard in Resources */ = {isa = PBXBuildFile; fileRef = 634A0A25281197BB009BEB6D /* LaunchScreen.storyboard */; };
		634A0A32281199B7009BEB6D /* APIService.swift in Sources */ = {isa = PBXBuildFile; fileRef = 634A0A31281199B7009BEB6D /* APIService.swift */; };
		634A0A362811A3CA009BEB6D /* ResultStructs.swift in Sources */ = {isa = PBXBuildFile; fileRef = 634A0A352811A3CA009BEB6D /* ResultStructs.swift */; };
		634A0A652812D463009BEB6D /* ImageExtension.swift in Sources */ = {isa = PBXBuildFile; fileRef = 634A0A642812D463009BEB6D /* ImageExtension.swift */; };
		634A0A672812D4E5009BEB6D /* FootballCell.swift in Sources */ = {isa = PBXBuildFile; fileRef = 634A0A662812D4E5009BEB6D /* FootballCell.swift */; };
		639698BA281EB7170001E73D /* GoogleService-Info.plist in Resources */ = {isa = PBXBuildFile; fileRef = 639698B9281EB7170001E73D /* GoogleService-Info.plist */; };
		639698CA281F2EDD0001E73D /* ErrorTypes.swift in Sources */ = {isa = PBXBuildFile; fileRef = 639698C9281F2EDD0001E73D /* ErrorTypes.swift */; };
		639CB088281D5D0E006E7575 /* HTTPHeaderExtension.swift in Sources */ = {isa = PBXBuildFile; fileRef = 639CB087281D5D0E006E7575 /* HTTPHeaderExtension.swift */; };
		63CDFDC928243035004B34C7 /* VerificationService.swift in Sources */ = {isa = PBXBuildFile; fileRef = 63CDFDC828243035004B34C7 /* VerificationService.swift */; };
		63D2F983281E876700990303 /* Keys.plist in Resources */ = {isa = PBXBuildFile; fileRef = 63D2F982281E876700990303 /* Keys.plist */; };
/* End PBXBuildFile section */

/* Begin PBXContainerItemProxy section */
		630752B5282445A0007E2687 /* PBXContainerItemProxy */ = {
			isa = PBXContainerItemProxy;
			containerPortal = 634A0A0F281197B5009BEB6D /* Project object */;
			proxyType = 1;
			remoteGlobalIDString = 634A0A16281197B5009BEB6D;
			remoteInfo = Football_API;
		};
		632944D82826768D003B7768 /* PBXContainerItemProxy */ = {
			isa = PBXContainerItemProxy;
			containerPortal = 634A0A0F281197B5009BEB6D /* Project object */;
			proxyType = 1;
			remoteGlobalIDString = 634A0A16281197B5009BEB6D;
			remoteInfo = Football_API;
		};
/* End PBXContainerItemProxy section */

/* Begin PBXFileReference section */
		0B6B049EB8FAEB9BC71C0223 /* Pods-Football_API.release.xcconfig */ = {isa = PBXFileReference; includeInIndex = 1; lastKnownFileType = text.xcconfig; name = "Pods-Football_API.release.xcconfig"; path = "Target Support Files/Pods-Football_API/Pods-Football_API.release.xcconfig"; sourceTree = "<group>"; };
		630752B1282445A0007E2687 /* Football_APITests.xctest */ = {isa = PBXFileReference; explicitFileType = wrapper.cfbundle; includeInIndex = 0; path = Football_APITests.xctest; sourceTree = BUILT_PRODUCTS_DIR; };
		630752B3282445A0007E2687 /* Football_APITests.swift */ = {isa = PBXFileReference; lastKnownFileType = sourcecode.swift; path = Football_APITests.swift; sourceTree = "<group>"; };
		630752BA282445EA007E2687 /* VerificationServiceTests.swift */ = {isa = PBXFileReference; lastKnownFileType = sourcecode.swift; path = VerificationServiceTests.swift; sourceTree = "<group>"; };
		63189887282252CD0098AC3A /* WelcomeViewController.swift */ = {isa = PBXFileReference; lastKnownFileType = sourcecode.swift; path = WelcomeViewController.swift; sourceTree = "<group>"; };
		631F028F282926DE00979B8B /* ViewControllerExtension.swift */ = {isa = PBXFileReference; lastKnownFileType = sourcecode.swift; path = ViewControllerExtension.swift; sourceTree = "<group>"; };
		632944D22826768D003B7768 /* Football_APIUITests.xctest */ = {isa = PBXFileReference; explicitFileType = wrapper.cfbundle; includeInIndex = 0; path = Football_APIUITests.xctest; sourceTree = BUILT_PRODUCTS_DIR; };
		632944D42826768D003B7768 /* Football_APIUITests.swift */ = {isa = PBXFileReference; lastKnownFileType = sourcecode.swift; path = Football_APIUITests.swift; sourceTree = "<group>"; };
		632944D62826768D003B7768 /* Football_APIUITestsLaunchTests.swift */ = {isa = PBXFileReference; lastKnownFileType = sourcecode.swift; path = Football_APIUITestsLaunchTests.swift; sourceTree = "<group>"; };
		632FBEAA2827B831001C1C8F /* SettingsViewController.swift */ = {isa = PBXFileReference; lastKnownFileType = sourcecode.swift; path = SettingsViewController.swift; sourceTree = "<group>"; };
		632FBEAC2827D981001C1C8F /* ServiceTypes.swift */ = {isa = PBXFileReference; lastKnownFileType = sourcecode.swift; path = ServiceTypes.swift; sourceTree = "<group>"; };
		634A0A17281197B5009BEB6D /* Football_API.app */ = {isa = PBXFileReference; explicitFileType = wrapper.application; includeInIndex = 0; path = Football_API.app; sourceTree = BUILT_PRODUCTS_DIR; };
		634A0A1A281197B5009BEB6D /* AppDelegate.swift */ = {isa = PBXFileReference; lastKnownFileType = sourcecode.swift; path = AppDelegate.swift; sourceTree = "<group>"; };
		634A0A1C281197B5009BEB6D /* SceneDelegate.swift */ = {isa = PBXFileReference; lastKnownFileType = sourcecode.swift; path = SceneDelegate.swift; sourceTree = "<group>"; };
		634A0A1E281197B5009BEB6D /* TeamsViewController.swift */ = {isa = PBXFileReference; lastKnownFileType = sourcecode.swift; path = TeamsViewController.swift; sourceTree = "<group>"; };
		634A0A21281197B5009BEB6D /* Base */ = {isa = PBXFileReference; lastKnownFileType = file.storyboard; name = Base; path = Base.lproj/Main.storyboard; sourceTree = "<group>"; };
		634A0A23281197BB009BEB6D /* Assets.xcassets */ = {isa = PBXFileReference; lastKnownFileType = folder.assetcatalog; path = Assets.xcassets; sourceTree = "<group>"; };
		634A0A26281197BB009BEB6D /* Base */ = {isa = PBXFileReference; lastKnownFileType = file.storyboard; name = Base; path = Base.lproj/LaunchScreen.storyboard; sourceTree = "<group>"; };
		634A0A28281197BB009BEB6D /* Info.plist */ = {isa = PBXFileReference; lastKnownFileType = text.plist.xml; path = Info.plist; sourceTree = "<group>"; };
		634A0A31281199B7009BEB6D /* APIService.swift */ = {isa = PBXFileReference; lastKnownFileType = sourcecode.swift; path = APIService.swift; sourceTree = "<group>"; };
		634A0A352811A3CA009BEB6D /* ResultStructs.swift */ = {isa = PBXFileReference; lastKnownFileType = sourcecode.swift; path = ResultStructs.swift; sourceTree = "<group>"; };
		634A0A642812D463009BEB6D /* ImageExtension.swift */ = {isa = PBXFileReference; lastKnownFileType = sourcecode.swift; path = ImageExtension.swift; sourceTree = "<group>"; };
		634A0A662812D4E5009BEB6D /* FootballCell.swift */ = {isa = PBXFileReference; lastKnownFileType = sourcecode.swift; path = FootballCell.swift; sourceTree = "<group>"; };
		639698B9281EB7170001E73D /* GoogleService-Info.plist */ = {isa = PBXFileReference; fileEncoding = 4; lastKnownFileType = text.plist.xml; path = "GoogleService-Info.plist"; sourceTree = "<group>"; };
		639698C9281F2EDD0001E73D /* ErrorTypes.swift */ = {isa = PBXFileReference; lastKnownFileType = sourcecode.swift; path = ErrorTypes.swift; sourceTree = "<group>"; };
		639CB087281D5D0E006E7575 /* HTTPHeaderExtension.swift */ = {isa = PBXFileReference; lastKnownFileType = sourcecode.swift; path = HTTPHeaderExtension.swift; sourceTree = "<group>"; };
		63CDFDC828243035004B34C7 /* VerificationService.swift */ = {isa = PBXFileReference; lastKnownFileType = sourcecode.swift; path = VerificationService.swift; sourceTree = "<group>"; };
		63D2F982281E876700990303 /* Keys.plist */ = {isa = PBXFileReference; lastKnownFileType = text.plist.xml; path = Keys.plist; sourceTree = "<group>"; };
		63EF55C7282EB2A700530A90 /* Football_API.entitlements */ = {isa = PBXFileReference; lastKnownFileType = text.plist.entitlements; path = Football_API.entitlements; sourceTree = "<group>"; };
		714DFB1FEE1782F1CBBF5530 /* Pods_Football_API.framework */ = {isa = PBXFileReference; explicitFileType = wrapper.framework; includeInIndex = 0; path = Pods_Football_API.framework; sourceTree = BUILT_PRODUCTS_DIR; };
		D33834ADAC9F2EF2DC444FED /* Pods-Football_API.debug.xcconfig */ = {isa = PBXFileReference; includeInIndex = 1; lastKnownFileType = text.xcconfig; name = "Pods-Football_API.debug.xcconfig"; path = "Target Support Files/Pods-Football_API/Pods-Football_API.debug.xcconfig"; sourceTree = "<group>"; };
/* End PBXFileReference section */

/* Begin PBXFrameworksBuildPhase section */
		630752AE282445A0007E2687 /* Frameworks */ = {
			isa = PBXFrameworksBuildPhase;
			buildActionMask = 2147483647;
			files = (
			);
			runOnlyForDeploymentPostprocessing = 0;
		};
		632944CF2826768D003B7768 /* Frameworks */ = {
			isa = PBXFrameworksBuildPhase;
			buildActionMask = 2147483647;
			files = (
			);
			runOnlyForDeploymentPostprocessing = 0;
		};
		634A0A14281197B5009BEB6D /* Frameworks */ = {
			isa = PBXFrameworksBuildPhase;
			buildActionMask = 2147483647;
			files = (
				159434981A5316A8A535FBC0 /* Pods_Football_API.framework in Frameworks */,
			);
			runOnlyForDeploymentPostprocessing = 0;
		};
/* End PBXFrameworksBuildPhase section */

/* Begin PBXGroup section */
		2AD02E5F3DE44B4D1A6F3174 /* Frameworks */ = {
			isa = PBXGroup;
			children = (
				714DFB1FEE1782F1CBBF5530 /* Pods_Football_API.framework */,
			);
			name = Frameworks;
			sourceTree = "<group>";
		};
		4E9B27E36AD7829AC8BB29BD /* Pods */ = {
			isa = PBXGroup;
			children = (
				D33834ADAC9F2EF2DC444FED /* Pods-Football_API.debug.xcconfig */,
				0B6B049EB8FAEB9BC71C0223 /* Pods-Football_API.release.xcconfig */,
			);
			path = Pods;
			sourceTree = "<group>";
		};
		630752B2282445A0007E2687 /* Football_APITests */ = {
			isa = PBXGroup;
			children = (
				630752B3282445A0007E2687 /* Football_APITests.swift */,
				630752BA282445EA007E2687 /* VerificationServiceTests.swift */,
			);
			path = Football_APITests;
			sourceTree = "<group>";
		};
		632944D32826768D003B7768 /* Football_APIUITests */ = {
			isa = PBXGroup;
			children = (
				632944D42826768D003B7768 /* Football_APIUITests.swift */,
				632944D62826768D003B7768 /* Football_APIUITestsLaunchTests.swift */,
			);
			path = Football_APIUITests;
			sourceTree = "<group>";
		};
		634A0A0E281197B5009BEB6D = {
			isa = PBXGroup;
			children = (
				634A0A19281197B5009BEB6D /* Football_API */,
				630752B2282445A0007E2687 /* Football_APITests */,
				632944D32826768D003B7768 /* Football_APIUITests */,
				634A0A18281197B5009BEB6D /* Products */,
				4E9B27E36AD7829AC8BB29BD /* Pods */,
				2AD02E5F3DE44B4D1A6F3174 /* Frameworks */,
			);
			sourceTree = "<group>";
		};
		634A0A18281197B5009BEB6D /* Products */ = {
			isa = PBXGroup;
			children = (
				634A0A17281197B5009BEB6D /* Football_API.app */,
				630752B1282445A0007E2687 /* Football_APITests.xctest */,
				632944D22826768D003B7768 /* Football_APIUITests.xctest */,
			);
			name = Products;
			sourceTree = "<group>";
		};
		634A0A19281197B5009BEB6D /* Football_API */ = {
			isa = PBXGroup;
			children = (
				63EF55C7282EB2A700530A90 /* Football_API.entitlements */,
				63CDFDC728243017004B34C7 /* Services */,
				634A0A632812D364009BEB6D /* Extension */,
				634A0A3028119996009BEB6D /* Controller */,
				634A0A2F28119990009BEB6D /* View */,
				634A0A2E28119986009BEB6D /* Model */,
				634A0A1A281197B5009BEB6D /* AppDelegate.swift */,
				634A0A1C281197B5009BEB6D /* SceneDelegate.swift */,
				634A0A23281197BB009BEB6D /* Assets.xcassets */,
				634A0A25281197BB009BEB6D /* LaunchScreen.storyboard */,
				634A0A28281197BB009BEB6D /* Info.plist */,
				63D2F982281E876700990303 /* Keys.plist */,
				639698B9281EB7170001E73D /* GoogleService-Info.plist */,
			);
			path = Football_API;
			sourceTree = "<group>";
		};
		634A0A2E28119986009BEB6D /* Model */ = {
			isa = PBXGroup;
			children = (
				634A0A352811A3CA009BEB6D /* ResultStructs.swift */,
				634A0A662812D4E5009BEB6D /* FootballCell.swift */,
			);
			path = Model;
			sourceTree = "<group>";
		};
		634A0A2F28119990009BEB6D /* View */ = {
			isa = PBXGroup;
			children = (
				634A0A20281197B5009BEB6D /* Main.storyboard */,
			);
			path = View;
			sourceTree = "<group>";
		};
		634A0A3028119996009BEB6D /* Controller */ = {
			isa = PBXGroup;
			children = (
				634A0A1E281197B5009BEB6D /* TeamsViewController.swift */,
				63189887282252CD0098AC3A /* WelcomeViewController.swift */,
				632FBEAA2827B831001C1C8F /* SettingsViewController.swift */,
			);
			path = Controller;
			sourceTree = "<group>";
		};
		634A0A632812D364009BEB6D /* Extension */ = {
			isa = PBXGroup;
			children = (
				634A0A642812D463009BEB6D /* ImageExtension.swift */,
				639CB087281D5D0E006E7575 /* HTTPHeaderExtension.swift */,
				639698C9281F2EDD0001E73D /* ErrorTypes.swift */,
				632FBEAC2827D981001C1C8F /* ServiceTypes.swift */,
				631F028F282926DE00979B8B /* ViewControllerExtension.swift */,
			);
			path = Extension;
			sourceTree = "<group>";
		};
		63CDFDC728243017004B34C7 /* Services */ = {
			isa = PBXGroup;
			children = (
				634A0A31281199B7009BEB6D /* APIService.swift */,
				63CDFDC828243035004B34C7 /* VerificationService.swift */,
			);
			path = Services;
			sourceTree = "<group>";
		};
/* End PBXGroup section */

/* Begin PBXNativeTarget section */
		630752B0282445A0007E2687 /* Football_APITests */ = {
			isa = PBXNativeTarget;
			buildConfigurationList = 630752B9282445A0007E2687 /* Build configuration list for PBXNativeTarget "Football_APITests" */;
			buildPhases = (
				630752AD282445A0007E2687 /* Sources */,
				630752AE282445A0007E2687 /* Frameworks */,
				630752AF282445A0007E2687 /* Resources */,
			);
			buildRules = (
			);
			dependencies = (
				630752B6282445A0007E2687 /* PBXTargetDependency */,
			);
			name = Football_APITests;
			productName = Football_APITests;
			productReference = 630752B1282445A0007E2687 /* Football_APITests.xctest */;
			productType = "com.apple.product-type.bundle.unit-test";
		};
		632944D12826768D003B7768 /* Football_APIUITests */ = {
			isa = PBXNativeTarget;
			buildConfigurationList = 632944DA2826768D003B7768 /* Build configuration list for PBXNativeTarget "Football_APIUITests" */;
			buildPhases = (
				632944CE2826768D003B7768 /* Sources */,
				632944CF2826768D003B7768 /* Frameworks */,
				632944D02826768D003B7768 /* Resources */,
			);
			buildRules = (
			);
			dependencies = (
				632944D92826768D003B7768 /* PBXTargetDependency */,
			);
			name = Football_APIUITests;
			productName = Football_APIUITests;
			productReference = 632944D22826768D003B7768 /* Football_APIUITests.xctest */;
			productType = "com.apple.product-type.bundle.ui-testing";
		};
		634A0A16281197B5009BEB6D /* Football_API */ = {
			isa = PBXNativeTarget;
			buildConfigurationList = 634A0A2B281197BB009BEB6D /* Build configuration list for PBXNativeTarget "Football_API" */;
			buildPhases = (
				6BE5E843AC7C5DE5539BD01C /* [CP] Check Pods Manifest.lock */,
				634A0A13281197B5009BEB6D /* Sources */,
				634A0A14281197B5009BEB6D /* Frameworks */,
				634A0A15281197B5009BEB6D /* Resources */,
				874A117A7201B8AB0091B230 /* [CP] Embed Pods Frameworks */,
			);
			buildRules = (
			);
			dependencies = (
			);
			name = Football_API;
			packageProductDependencies = (
			);
			productName = Football_API;
			productReference = 634A0A17281197B5009BEB6D /* Football_API.app */;
			productType = "com.apple.product-type.application";
		};
/* End PBXNativeTarget section */

/* Begin PBXProject section */
		634A0A0F281197B5009BEB6D /* Project object */ = {
			isa = PBXProject;
			attributes = {
				BuildIndependentTargetsInParallel = 1;
				LastSwiftUpdateCheck = 1330;
				LastUpgradeCheck = 1330;
				TargetAttributes = {
					630752B0282445A0007E2687 = {
						CreatedOnToolsVersion = 13.3.1;
						TestTargetID = 634A0A16281197B5009BEB6D;
					};
					632944D12826768D003B7768 = {
						CreatedOnToolsVersion = 13.3.1;
						TestTargetID = 634A0A16281197B5009BEB6D;
					};
					634A0A16281197B5009BEB6D = {
						CreatedOnToolsVersion = 13.3.1;
					};
				};
			};
			buildConfigurationList = 634A0A12281197B5009BEB6D /* Build configuration list for PBXProject "Football_API" */;
			compatibilityVersion = "Xcode 13.0";
			developmentRegion = en;
			hasScannedForEncodings = 0;
			knownRegions = (
				en,
				Base,
			);
			mainGroup = 634A0A0E281197B5009BEB6D;
			packageReferences = (
			);
			productRefGroup = 634A0A18281197B5009BEB6D /* Products */;
			projectDirPath = "";
			projectRoot = "";
			targets = (
				634A0A16281197B5009BEB6D /* Football_API */,
				630752B0282445A0007E2687 /* Football_APITests */,
				632944D12826768D003B7768 /* Football_APIUITests */,
			);
		};
/* End PBXProject section */

/* Begin PBXResourcesBuildPhase section */
		630752AF282445A0007E2687 /* Resources */ = {
			isa = PBXResourcesBuildPhase;
			buildActionMask = 2147483647;
			files = (
			);
			runOnlyForDeploymentPostprocessing = 0;
		};
		632944D02826768D003B7768 /* Resources */ = {
			isa = PBXResourcesBuildPhase;
			buildActionMask = 2147483647;
			files = (
			);
			runOnlyForDeploymentPostprocessing = 0;
		};
		634A0A15281197B5009BEB6D /* Resources */ = {
			isa = PBXResourcesBuildPhase;
			buildActionMask = 2147483647;
			files = (
				63D2F983281E876700990303 /* Keys.plist in Resources */,
				634A0A27281197BB009BEB6D /* LaunchScreen.storyboard in Resources */,
				634A0A24281197BB009BEB6D /* Assets.xcassets in Resources */,
				634A0A22281197B5009BEB6D /* Main.storyboard in Resources */,
				639698BA281EB7170001E73D /* GoogleService-Info.plist in Resources */,
			);
			runOnlyForDeploymentPostprocessing = 0;
		};
/* End PBXResourcesBuildPhase section */

/* Begin PBXShellScriptBuildPhase section */
		6BE5E843AC7C5DE5539BD01C /* [CP] Check Pods Manifest.lock */ = {
			isa = PBXShellScriptBuildPhase;
			buildActionMask = 2147483647;
			files = (
			);
			inputFileListPaths = (
			);
			inputPaths = (
				"${PODS_PODFILE_DIR_PATH}/Podfile.lock",
				"${PODS_ROOT}/Manifest.lock",
			);
			name = "[CP] Check Pods Manifest.lock";
			outputFileListPaths = (
			);
			outputPaths = (
				"$(DERIVED_FILE_DIR)/Pods-Football_API-checkManifestLockResult.txt",
			);
			runOnlyForDeploymentPostprocessing = 0;
			shellPath = /bin/sh;
			shellScript = "diff \"${PODS_PODFILE_DIR_PATH}/Podfile.lock\" \"${PODS_ROOT}/Manifest.lock\" > /dev/null\nif [ $? != 0 ] ; then\n    # print error to STDERR\n    echo \"error: The sandbox is not in sync with the Podfile.lock. Run 'pod install' or update your CocoaPods installation.\" >&2\n    exit 1\nfi\n# This output is used by Xcode 'outputs' to avoid re-running this script phase.\necho \"SUCCESS\" > \"${SCRIPT_OUTPUT_FILE_0}\"\n";
			showEnvVarsInLog = 0;
		};
		874A117A7201B8AB0091B230 /* [CP] Embed Pods Frameworks */ = {
			isa = PBXShellScriptBuildPhase;
			buildActionMask = 2147483647;
			files = (
			);
			inputFileListPaths = (
				"${PODS_ROOT}/Target Support Files/Pods-Football_API/Pods-Football_API-frameworks-${CONFIGURATION}-input-files.xcfilelist",
			);
			name = "[CP] Embed Pods Frameworks";
			outputFileListPaths = (
				"${PODS_ROOT}/Target Support Files/Pods-Football_API/Pods-Football_API-frameworks-${CONFIGURATION}-output-files.xcfilelist",
			);
			runOnlyForDeploymentPostprocessing = 0;
			shellPath = /bin/sh;
			shellScript = "\"${PODS_ROOT}/Target Support Files/Pods-Football_API/Pods-Football_API-frameworks.sh\"\n";
			showEnvVarsInLog = 0;
		};
/* End PBXShellScriptBuildPhase section */

/* Begin PBXSourcesBuildPhase section */
		630752AD282445A0007E2687 /* Sources */ = {
			isa = PBXSourcesBuildPhase;
			buildActionMask = 2147483647;
			files = (
				630752BB282445EA007E2687 /* VerificationServiceTests.swift in Sources */,
				630752B4282445A0007E2687 /* Football_APITests.swift in Sources */,
			);
			runOnlyForDeploymentPostprocessing = 0;
		};
		632944CE2826768D003B7768 /* Sources */ = {
			isa = PBXSourcesBuildPhase;
			buildActionMask = 2147483647;
			files = (
				632944D72826768D003B7768 /* Football_APIUITestsLaunchTests.swift in Sources */,
				632944D52826768D003B7768 /* Football_APIUITests.swift in Sources */,
			);
			runOnlyForDeploymentPostprocessing = 0;
		};
		634A0A13281197B5009BEB6D /* Sources */ = {
			isa = PBXSourcesBuildPhase;
			buildActionMask = 2147483647;
			files = (
				634A0A362811A3CA009BEB6D /* ResultStructs.swift in Sources */,
				634A0A652812D463009BEB6D /* ImageExtension.swift in Sources */,
				63189888282252CE0098AC3A /* WelcomeViewController.swift in Sources */,
				639CB088281D5D0E006E7575 /* HTTPHeaderExtension.swift in Sources */,
				634A0A1F281197B5009BEB6D /* TeamsViewController.swift in Sources */,
				639698CA281F2EDD0001E73D /* ErrorTypes.swift in Sources */,
				631F0290282926DE00979B8B /* ViewControllerExtension.swift in Sources */,
				634A0A1B281197B5009BEB6D /* AppDelegate.swift in Sources */,
				63CDFDC928243035004B34C7 /* VerificationService.swift in Sources */,
				634A0A1D281197B5009BEB6D /* SceneDelegate.swift in Sources */,
				632FBEAB2827B831001C1C8F /* SettingsViewController.swift in Sources */,
				632FBEAD2827D981001C1C8F /* ServiceTypes.swift in Sources */,
				634A0A32281199B7009BEB6D /* APIService.swift in Sources */,
				634A0A672812D4E5009BEB6D /* FootballCell.swift in Sources */,
			);
			runOnlyForDeploymentPostprocessing = 0;
		};
/* End PBXSourcesBuildPhase section */

/* Begin PBXTargetDependency section */
		630752B6282445A0007E2687 /* PBXTargetDependency */ = {
			isa = PBXTargetDependency;
			target = 634A0A16281197B5009BEB6D /* Football_API */;
			targetProxy = 630752B5282445A0007E2687 /* PBXContainerItemProxy */;
		};
		632944D92826768D003B7768 /* PBXTargetDependency */ = {
			isa = PBXTargetDependency;
			target = 634A0A16281197B5009BEB6D /* Football_API */;
			targetProxy = 632944D82826768D003B7768 /* PBXContainerItemProxy */;
		};
/* End PBXTargetDependency section */

/* Begin PBXVariantGroup section */
		634A0A20281197B5009BEB6D /* Main.storyboard */ = {
			isa = PBXVariantGroup;
			children = (
				634A0A21281197B5009BEB6D /* Base */,
			);
			name = Main.storyboard;
			sourceTree = "<group>";
		};
		634A0A25281197BB009BEB6D /* LaunchScreen.storyboard */ = {
			isa = PBXVariantGroup;
			children = (
				634A0A26281197BB009BEB6D /* Base */,
			);
			name = LaunchScreen.storyboard;
			sourceTree = "<group>";
		};
/* End PBXVariantGroup section */

/* Begin XCBuildConfiguration section */
		630752B7282445A0007E2687 /* Debug */ = {
			isa = XCBuildConfiguration;
			buildSettings = {
				BUNDLE_LOADER = "$(TEST_HOST)";
				"CODE_SIGN_IDENTITY[sdk=macosx*]" = "Apple Development";
				CODE_SIGN_STYLE = Automatic;
				CURRENT_PROJECT_VERSION = 1;
				DEVELOPMENT_TEAM = BH7ATPEKS6;
				GENERATE_INFOPLIST_FILE = YES;
				HEADER_SEARCH_PATHS = (
					HEADER_SEARCH_PATHS,
					"=",
					"\"${SRCROOT}/Pods/Firebase/CoreOnly/Sources\"\nHEADER_SEARCH_PATHS",
					"=",
					"\"${SRCROOT}/Pods/Firebase/CoreOnly/Sources\"\n",
				);
				MARKETING_VERSION = 1.0;
				PRODUCT_BUNDLE_IDENTIFIER = "com.tikitakamobile.Football-APITests";
				PRODUCT_NAME = "$(TARGET_NAME)";
				SWIFT_EMIT_LOC_STRINGS = NO;
				SWIFT_VERSION = 5.0;
				TARGETED_DEVICE_FAMILY = "1,2";
				TEST_HOST = "$(BUILT_PRODUCTS_DIR)/Football_API.app/Football_API";
			};
			name = Debug;
		};
		630752B8282445A0007E2687 /* Release */ = {
			isa = XCBuildConfiguration;
			buildSettings = {
				BUNDLE_LOADER = "$(TEST_HOST)";
				"CODE_SIGN_IDENTITY[sdk=macosx*]" = "Apple Development";
				CODE_SIGN_STYLE = Automatic;
				CURRENT_PROJECT_VERSION = 1;
				DEVELOPMENT_TEAM = BH7ATPEKS6;
				GENERATE_INFOPLIST_FILE = YES;
				HEADER_SEARCH_PATHS = (
					HEADER_SEARCH_PATHS,
					"=",
					"\"${SRCROOT}/Pods/Firebase/CoreOnly/Sources\"\nHEADER_SEARCH_PATHS",
					"=",
					"\"${SRCROOT}/Pods/Firebase/CoreOnly/Sources\"\n",
				);
				MARKETING_VERSION = 1.0;
				PRODUCT_BUNDLE_IDENTIFIER = "com.tikitakamobile.Football-APITests";
				PRODUCT_NAME = "$(TARGET_NAME)";
				SWIFT_EMIT_LOC_STRINGS = NO;
				SWIFT_VERSION = 5.0;
				TARGETED_DEVICE_FAMILY = "1,2";
				TEST_HOST = "$(BUILT_PRODUCTS_DIR)/Football_API.app/Football_API";
			};
			name = Release;
		};
		632944DB2826768D003B7768 /* Debug */ = {
			isa = XCBuildConfiguration;
			buildSettings = {
				CODE_SIGN_STYLE = Automatic;
				CURRENT_PROJECT_VERSION = 1;
				DEVELOPMENT_TEAM = BH7ATPEKS6;
				GENERATE_INFOPLIST_FILE = YES;
				MARKETING_VERSION = 1.0;
				PRODUCT_BUNDLE_IDENTIFIER = "com.tikitakamobile.Football-APIUITests";
				PRODUCT_NAME = "$(TARGET_NAME)";
				SWIFT_EMIT_LOC_STRINGS = NO;
				SWIFT_VERSION = 5.0;
				TARGETED_DEVICE_FAMILY = "1,2";
				TEST_TARGET_NAME = Football_API;
			};
			name = Debug;
		};
		632944DC2826768D003B7768 /* Release */ = {
			isa = XCBuildConfiguration;
			buildSettings = {
				CODE_SIGN_STYLE = Automatic;
				CURRENT_PROJECT_VERSION = 1;
				DEVELOPMENT_TEAM = BH7ATPEKS6;
				GENERATE_INFOPLIST_FILE = YES;
				MARKETING_VERSION = 1.0;
				PRODUCT_BUNDLE_IDENTIFIER = "com.tikitakamobile.Football-APIUITests";
				PRODUCT_NAME = "$(TARGET_NAME)";
				SWIFT_EMIT_LOC_STRINGS = NO;
				SWIFT_VERSION = 5.0;
				TARGETED_DEVICE_FAMILY = "1,2";
				TEST_TARGET_NAME = Football_API;
			};
			name = Release;
		};
		634A0A29281197BB009BEB6D /* Debug */ = {
			isa = XCBuildConfiguration;
			buildSettings = {
				ALWAYS_SEARCH_USER_PATHS = NO;
				CLANG_ANALYZER_NONNULL = YES;
				CLANG_ANALYZER_NUMBER_OBJECT_CONVERSION = YES_AGGRESSIVE;
				CLANG_CXX_LANGUAGE_STANDARD = "gnu++17";
				CLANG_ENABLE_MODULES = YES;
				CLANG_ENABLE_OBJC_ARC = YES;
				CLANG_ENABLE_OBJC_WEAK = YES;
				CLANG_WARN_BLOCK_CAPTURE_AUTORELEASING = YES;
				CLANG_WARN_BOOL_CONVERSION = YES;
				CLANG_WARN_COMMA = YES;
				CLANG_WARN_CONSTANT_CONVERSION = YES;
				CLANG_WARN_DEPRECATED_OBJC_IMPLEMENTATIONS = YES;
				CLANG_WARN_DIRECT_OBJC_ISA_USAGE = YES_ERROR;
				CLANG_WARN_DOCUMENTATION_COMMENTS = YES;
				CLANG_WARN_EMPTY_BODY = YES;
				CLANG_WARN_ENUM_CONVERSION = YES;
				CLANG_WARN_INFINITE_RECURSION = YES;
				CLANG_WARN_INT_CONVERSION = YES;
				CLANG_WARN_NON_LITERAL_NULL_CONVERSION = YES;
				CLANG_WARN_OBJC_IMPLICIT_RETAIN_SELF = YES;
				CLANG_WARN_OBJC_LITERAL_CONVERSION = YES;
				CLANG_WARN_OBJC_ROOT_CLASS = YES_ERROR;
				CLANG_WARN_QUOTED_INCLUDE_IN_FRAMEWORK_HEADER = YES;
				CLANG_WARN_RANGE_LOOP_ANALYSIS = YES;
				CLANG_WARN_STRICT_PROTOTYPES = YES;
				CLANG_WARN_SUSPICIOUS_MOVE = YES;
				CLANG_WARN_UNGUARDED_AVAILABILITY = YES_AGGRESSIVE;
				CLANG_WARN_UNREACHABLE_CODE = YES;
				CLANG_WARN__DUPLICATE_METHOD_MATCH = YES;
				COPY_PHASE_STRIP = NO;
				DEBUG_INFORMATION_FORMAT = dwarf;
				ENABLE_STRICT_OBJC_MSGSEND = YES;
				ENABLE_TESTABILITY = YES;
				GCC_C_LANGUAGE_STANDARD = gnu11;
				GCC_DYNAMIC_NO_PIC = NO;
				GCC_NO_COMMON_BLOCKS = YES;
				GCC_OPTIMIZATION_LEVEL = 0;
				GCC_PREPROCESSOR_DEFINITIONS = (
					"DEBUG=1",
					"$(inherited)",
				);
				GCC_WARN_64_TO_32_BIT_CONVERSION = YES;
				GCC_WARN_ABOUT_RETURN_TYPE = YES_ERROR;
				GCC_WARN_UNDECLARED_SELECTOR = YES;
				GCC_WARN_UNINITIALIZED_AUTOS = YES_AGGRESSIVE;
				GCC_WARN_UNUSED_FUNCTION = YES;
				GCC_WARN_UNUSED_VARIABLE = YES;
				IPHONEOS_DEPLOYMENT_TARGET = 15.0;
				MTL_ENABLE_DEBUG_INFO = INCLUDE_SOURCE;
				MTL_FAST_MATH = YES;
				ONLY_ACTIVE_ARCH = YES;
				SDKROOT = iphoneos;
				SWIFT_ACTIVE_COMPILATION_CONDITIONS = DEBUG;
				SWIFT_OPTIMIZATION_LEVEL = "-Onone";
			};
			name = Debug;
		};
		634A0A2A281197BB009BEB6D /* Release */ = {
			isa = XCBuildConfiguration;
			buildSettings = {
				ALWAYS_SEARCH_USER_PATHS = NO;
				CLANG_ANALYZER_NONNULL = YES;
				CLANG_ANALYZER_NUMBER_OBJECT_CONVERSION = YES_AGGRESSIVE;
				CLANG_CXX_LANGUAGE_STANDARD = "gnu++17";
				CLANG_ENABLE_MODULES = YES;
				CLANG_ENABLE_OBJC_ARC = YES;
				CLANG_ENABLE_OBJC_WEAK = YES;
				CLANG_WARN_BLOCK_CAPTURE_AUTORELEASING = YES;
				CLANG_WARN_BOOL_CONVERSION = YES;
				CLANG_WARN_COMMA = YES;
				CLANG_WARN_CONSTANT_CONVERSION = YES;
				CLANG_WARN_DEPRECATED_OBJC_IMPLEMENTATIONS = YES;
				CLANG_WARN_DIRECT_OBJC_ISA_USAGE = YES_ERROR;
				CLANG_WARN_DOCUMENTATION_COMMENTS = YES;
				CLANG_WARN_EMPTY_BODY = YES;
				CLANG_WARN_ENUM_CONVERSION = YES;
				CLANG_WARN_INFINITE_RECURSION = YES;
				CLANG_WARN_INT_CONVERSION = YES;
				CLANG_WARN_NON_LITERAL_NULL_CONVERSION = YES;
				CLANG_WARN_OBJC_IMPLICIT_RETAIN_SELF = YES;
				CLANG_WARN_OBJC_LITERAL_CONVERSION = YES;
				CLANG_WARN_OBJC_ROOT_CLASS = YES_ERROR;
				CLANG_WARN_QUOTED_INCLUDE_IN_FRAMEWORK_HEADER = YES;
				CLANG_WARN_RANGE_LOOP_ANALYSIS = YES;
				CLANG_WARN_STRICT_PROTOTYPES = YES;
				CLANG_WARN_SUSPICIOUS_MOVE = YES;
				CLANG_WARN_UNGUARDED_AVAILABILITY = YES_AGGRESSIVE;
				CLANG_WARN_UNREACHABLE_CODE = YES;
				CLANG_WARN__DUPLICATE_METHOD_MATCH = YES;
				COPY_PHASE_STRIP = NO;
				DEBUG_INFORMATION_FORMAT = "dwarf-with-dsym";
				ENABLE_NS_ASSERTIONS = NO;
				ENABLE_STRICT_OBJC_MSGSEND = YES;
				GCC_C_LANGUAGE_STANDARD = gnu11;
				GCC_NO_COMMON_BLOCKS = YES;
				GCC_WARN_64_TO_32_BIT_CONVERSION = YES;
				GCC_WARN_ABOUT_RETURN_TYPE = YES_ERROR;
				GCC_WARN_UNDECLARED_SELECTOR = YES;
				GCC_WARN_UNINITIALIZED_AUTOS = YES_AGGRESSIVE;
				GCC_WARN_UNUSED_FUNCTION = YES;
				GCC_WARN_UNUSED_VARIABLE = YES;
				IPHONEOS_DEPLOYMENT_TARGET = 15.0;
				MTL_ENABLE_DEBUG_INFO = NO;
				MTL_FAST_MATH = YES;
				SDKROOT = iphoneos;
				SWIFT_COMPILATION_MODE = wholemodule;
				SWIFT_OPTIMIZATION_LEVEL = "-O";
				VALIDATE_PRODUCT = YES;
			};
			name = Release;
		};
		634A0A2C281197BB009BEB6D /* Debug */ = {
			isa = XCBuildConfiguration;
			baseConfigurationReference = D33834ADAC9F2EF2DC444FED /* Pods-Football_API.debug.xcconfig */;
			buildSettings = {
				ASSETCATALOG_COMPILER_APPICON_NAME = AppIcon;
				ASSETCATALOG_COMPILER_GLOBAL_ACCENT_COLOR_NAME = AccentColor;
				CODE_SIGN_ENTITLEMENTS = Football_API/Football_API.entitlements;
				CODE_SIGN_STYLE = Automatic;
				CURRENT_PROJECT_VERSION = 1;
				DEVELOPMENT_TEAM = BH7ATPEKS6;
				GENERATE_INFOPLIST_FILE = YES;
				INFOPLIST_FILE = Football_API/Info.plist;
				INFOPLIST_KEY_NSFaceIDUsageDescription = "Please allow to continue with Face ID";
				INFOPLIST_KEY_UIApplicationSupportsIndirectInputEvents = YES;
				INFOPLIST_KEY_UILaunchStoryboardName = LaunchScreen;
				INFOPLIST_KEY_UIMainStoryboardFile = Main;
				INFOPLIST_KEY_UISupportedInterfaceOrientations = UIInterfaceOrientationPortrait;
				INFOPLIST_KEY_UISupportedInterfaceOrientations_iPad = "UIInterfaceOrientationPortrait UIInterfaceOrientationPortraitUpsideDown UIInterfaceOrientationLandscapeLeft UIInterfaceOrientationLandscapeRight";
				INFOPLIST_KEY_UISupportedInterfaceOrientations_iPhone = "UIInterfaceOrientationPortrait UIInterfaceOrientationLandscapeLeft UIInterfaceOrientationLandscapeRight";
				LD_RUNPATH_SEARCH_PATHS = (
					"$(inherited)",
					"@executable_path/Frameworks",
				);
				MARKETING_VERSION = 1.0;
				PRODUCT_BUNDLE_IDENTIFIER = "com.tikitakamobile.Football-API";
				PRODUCT_NAME = "$(TARGET_NAME)";
				SWIFT_EMIT_LOC_STRINGS = YES;
				SWIFT_VERSION = 5.0;
				TARGETED_DEVICE_FAMILY = 1;
			};
			name = Debug;
		};
		634A0A2D281197BB009BEB6D /* Release */ = {
			isa = XCBuildConfiguration;
			baseConfigurationReference = 0B6B049EB8FAEB9BC71C0223 /* Pods-Football_API.release.xcconfig */;
			buildSettings = {
				ASSETCATALOG_COMPILER_APPICON_NAME = AppIcon;
				ASSETCATALOG_COMPILER_GLOBAL_ACCENT_COLOR_NAME = AccentColor;
				CODE_SIGN_ENTITLEMENTS = Football_API/Football_API.entitlements;
				CODE_SIGN_STYLE = Automatic;
				CURRENT_PROJECT_VERSION = 1;
				DEVELOPMENT_TEAM = BH7ATPEKS6;
				GENERATE_INFOPLIST_FILE = YES;
				INFOPLIST_FILE = Football_API/Info.plist;
				INFOPLIST_KEY_NSFaceIDUsageDescription = "Please allow to continue with Face ID";
				INFOPLIST_KEY_UIApplicationSupportsIndirectInputEvents = YES;
				INFOPLIST_KEY_UILaunchStoryboardName = LaunchScreen;
				INFOPLIST_KEY_UIMainStoryboardFile = Main;
				INFOPLIST_KEY_UISupportedInterfaceOrientations = UIInterfaceOrientationPortrait;
				INFOPLIST_KEY_UISupportedInterfaceOrientations_iPad = "UIInterfaceOrientationPortrait UIInterfaceOrientationPortraitUpsideDown UIInterfaceOrientationLandscapeLeft UIInterfaceOrientationLandscapeRight";
				INFOPLIST_KEY_UISupportedInterfaceOrientations_iPhone = "UIInterfaceOrientationPortrait UIInterfaceOrientationLandscapeLeft UIInterfaceOrientationLandscapeRight";
				LD_RUNPATH_SEARCH_PATHS = (
					"$(inherited)",
					"@executable_path/Frameworks",
				);
				MARKETING_VERSION = 1.0;
				PRODUCT_BUNDLE_IDENTIFIER = "com.tikitakamobile.Football-API";
				PRODUCT_NAME = "$(TARGET_NAME)";
				SWIFT_EMIT_LOC_STRINGS = YES;
				SWIFT_VERSION = 5.0;
				TARGETED_DEVICE_FAMILY = 1;
			};
			name = Release;
		};
/* End XCBuildConfiguration section */

/* Begin XCConfigurationList section */
		630752B9282445A0007E2687 /* Build configuration list for PBXNativeTarget "Football_APITests" */ = {
			isa = XCConfigurationList;
			buildConfigurations = (
				630752B7282445A0007E2687 /* Debug */,
				630752B8282445A0007E2687 /* Release */,
			);
			defaultConfigurationIsVisible = 0;
			defaultConfigurationName = Release;
		};
		632944DA2826768D003B7768 /* Build configuration list for PBXNativeTarget "Football_APIUITests" */ = {
			isa = XCConfigurationList;
			buildConfigurations = (
				632944DB2826768D003B7768 /* Debug */,
				632944DC2826768D003B7768 /* Release */,
			);
			defaultConfigurationIsVisible = 0;
			defaultConfigurationName = Release;
		};
		634A0A12281197B5009BEB6D /* Build configuration list for PBXProject "Football_API" */ = {
			isa = XCConfigurationList;
			buildConfigurations = (
				634A0A29281197BB009BEB6D /* Debug */,
				634A0A2A281197BB009BEB6D /* Release */,
			);
			defaultConfigurationIsVisible = 0;
			defaultConfigurationName = Release;
		};
		634A0A2B281197BB009BEB6D /* Build configuration list for PBXNativeTarget "Football_API" */ = {
			isa = XCConfigurationList;
			buildConfigurations = (
				634A0A2C281197BB009BEB6D /* Debug */,
				634A0A2D281197BB009BEB6D /* Release */,
			);
			defaultConfigurationIsVisible = 0;
			defaultConfigurationName = Release;
		};
/* End XCConfigurationList section */
	};
	rootObject = 634A0A0F281197B5009BEB6D /* Project object */;
}
